
Microsoft Visual Studio Solution File, Format Version 12.00
# Visual Studio Version 16
VisualStudioVersion = 16.0.31005.135
MinimumVisualStudioVersion = 10.0.40219.1
Project("{2150E333-8FDC-42A3-9474-1A3956D46DE8}") = "Microservices", "Microservices", "{2CD32842-7F32-4E36-9621-14211E0CD9F1}"
EndProject
Project("{2150E333-8FDC-42A3-9474-1A3956D46DE8}") = "Domain", "Domain", "{2588FD3E-AA18-4FE4-9F67-86B2EC128CAD}"
EndProject
Project("{2150E333-8FDC-42A3-9474-1A3956D46DE8}") = "Infra.Bus", "Infra.Bus", "{ECB740FC-4F24-4410-8C81-FE3D4BA9C53D}"
EndProject
Project("{2150E333-8FDC-42A3-9474-1A3956D46DE8}") = "Infra.IoC", "Infra.IoC", "{81F875ED-5C88-4EA8-91E1-10C332E9C932}"
EndProject
Project("{2150E333-8FDC-42A3-9474-1A3956D46DE8}") = "Presentation", "Presentation", "{545A0B5B-5082-413D-AF9D-C6422CAE6273}"
EndProject
Project("{9A19103F-16F7-4668-BE54-9A1E7A4F7556}") = "MicroservicesBus.Domain.Core", "MicroservicesBus.Domain.Core\MicroservicesBus.Domain.Core.csproj", "{D0E3597A-3813-4052-A8A4-35160173E8EE}"
EndProject
Project("{9A19103F-16F7-4668-BE54-9A1E7A4F7556}") = "MicroservicesBus.Infra.Bus", "MicroservicesBus.Infra.Bus\MicroservicesBus.Infra.Bus.csproj", "{BAFC2A43-6699-41AC-B800-BAF8E45769B3}"
	ProjectSection(ProjectDependencies) = postProject
		{D0E3597A-3813-4052-A8A4-35160173E8EE} = {D0E3597A-3813-4052-A8A4-35160173E8EE}
	EndProjectSection
EndProject
Project("{9A19103F-16F7-4668-BE54-9A1E7A4F7556}") = "MicroservicesBus.Infra.IoC", "MicroservicesBus.Infra.IoC\MicroservicesBus.Infra.IoC.csproj", "{489D2793-99B6-49FC-806F-9419BBCD50BC}"
EndProject
Project("{2150E333-8FDC-42A3-9474-1A3956D46DE8}") = "User", "User", "{F79819BC-8D5E-406A-8DC8-A0F91F25ACA8}"
EndProject
Project("{2150E333-8FDC-42A3-9474-1A3956D46DE8}") = "API", "API", "{A2769E75-463D-497A-9D14-92985968B0DE}"
EndProject
Project("{2150E333-8FDC-42A3-9474-1A3956D46DE8}") = "Application", "Application", "{BC3D6F28-2F03-452C-8B96-C8F6A5D75A25}"
EndProject
Project("{2150E333-8FDC-42A3-9474-1A3956D46DE8}") = "Data", "Data", "{09CC66E5-F821-4D37-993A-7F9565905259}"
EndProject
Project("{2150E333-8FDC-42A3-9474-1A3956D46DE8}") = "Domain", "Domain", "{B908278A-AA76-406A-98FF-B1AF0523DE73}"
EndProject
Project("{9A19103F-16F7-4668-BE54-9A1E7A4F7556}") = "MicroservicesBus.User.API", "MicroservicesBus.User.API\MicroservicesBus.User.API.csproj", "{8EBEDEEF-63EB-4C3D-B7F6-D9566BCA4EBB}"
EndProject
Project("{9A19103F-16F7-4668-BE54-9A1E7A4F7556}") = "MicroservicesBus.User.Application", "MicroservicesBus.User.Application\MicroservicesBus.User.Application.csproj", "{9F137ED3-4480-46D1-9682-0F1747E7DEB6}"
EndProject
Project("{9A19103F-16F7-4668-BE54-9A1E7A4F7556}") = "MicroservicesBus.User.Data", "MicroservicesBus.User.Data\MicroservicesBus.User.Data.csproj", "{6804C4EF-0815-4C16-8E97-39F50E21EBD0}"
EndProject
Project("{9A19103F-16F7-4668-BE54-9A1E7A4F7556}") = "MicroservicesBus.User.Domain", "MicroservicesBus.User.Domain\MicroservicesBus.User.Domain.csproj", "{9367BD10-9041-4A38-A131-405501874F1A}"
EndProject
Project("{2150E333-8FDC-42A3-9474-1A3956D46DE8}") = "Appointment", "Appointment", "{8B08F407-0951-49AA-9CD7-C774AC9A1525}"
EndProject
Project("{2150E333-8FDC-42A3-9474-1A3956D46DE8}") = "API", "API", "{E9C4FA84-D0F0-4D91-94CD-48DB0EB6DC16}"
EndProject
Project("{2150E333-8FDC-42A3-9474-1A3956D46DE8}") = "Application", "Application", "{5B18B03F-F5CF-43A0-8A86-1FEF098B7038}"
EndProject
Project("{2150E333-8FDC-42A3-9474-1A3956D46DE8}") = "Data", "Data", "{C739A7DD-84B9-46F3-9F79-8A589B66AC5F}"
EndProject
Project("{2150E333-8FDC-42A3-9474-1A3956D46DE8}") = "Domain", "Domain", "{61B75E2D-B23D-470D-99DE-86C6897BA3F4}"
EndProject
Project("{9A19103F-16F7-4668-BE54-9A1E7A4F7556}") = "MicroservicesBus.Appointment.API", "MicroservicesBus.Appointment.API\MicroservicesBus.Appointment.API.csproj", "{9C57EE20-F28A-44AD-BA2D-C0E26070E9AE}"
EndProject
Project("{9A19103F-16F7-4668-BE54-9A1E7A4F7556}") = "MicroservicesBus.Appointment.Application", "MicroservicesBus.Appointment.Application\MicroservicesBus.Appointment.Application.csproj", "{FEF5D649-3227-4D64-9AFE-93012A79B84D}"
EndProject
Project("{9A19103F-16F7-4668-BE54-9A1E7A4F7556}") = "MicroservicesBus.Appointment.Data", "MicroservicesBus.Appointment.Data\MicroservicesBus.Appointment.Data.csproj", "{3CD3D0BB-5040-4931-94D8-1B4D01917C9C}"
EndProject
Project("{9A19103F-16F7-4668-BE54-9A1E7A4F7556}") = "MicroservicesBus.Appointment.Domain", "MicroservicesBus.Appointment.Domain\MicroservicesBus.Appointment.Domain.csproj", "{DDE8C6DF-247E-45BE-84D0-ED2D126A9E05}"
EndProject
Project("{2150E333-8FDC-42A3-9474-1A3956D46DE8}") = "Gateway", "Gateway", "{50B725AD-63A3-4AC3-AB86-78A006C123C0}"
EndProject
Project("{9A19103F-16F7-4668-BE54-9A1E7A4F7556}") = "ApiGateway", "ApiGateway\ApiGateway.csproj", "{5E3FE9C3-843C-45D8-88F3-3B6E2E8CF2B6}"
EndProject
Project("{E53339B2-1760-4266-BCC7-CA923CBCF16C}") = "docker-compose", "docker-compose.dcproj", "{A992F3C4-DB36-4B7B-9C97-85170A2F24E1}"
EndProject
Global
	GlobalSection(SolutionConfigurationPlatforms) = preSolution
		Debug|Any CPU = Debug|Any CPU
		Release|Any CPU = Release|Any CPU
	EndGlobalSection
	GlobalSection(ProjectConfigurationPlatforms) = postSolution
		{D0E3597A-3813-4052-A8A4-35160173E8EE}.Debug|Any CPU.ActiveCfg = Debug|Any CPU
		{D0E3597A-3813-4052-A8A4-35160173E8EE}.Debug|Any CPU.Build.0 = Debug|Any CPU
		{D0E3597A-3813-4052-A8A4-35160173E8EE}.Release|Any CPU.ActiveCfg = Release|Any CPU
		{D0E3597A-3813-4052-A8A4-35160173E8EE}.Release|Any CPU.Build.0 = Release|Any CPU
		{BAFC2A43-6699-41AC-B800-BAF8E45769B3}.Debug|Any CPU.ActiveCfg = Debug|Any CPU
		{BAFC2A43-6699-41AC-B800-BAF8E45769B3}.Debug|Any CPU.Build.0 = Debug|Any CPU
		{BAFC2A43-6699-41AC-B800-BAF8E45769B3}.Release|Any CPU.ActiveCfg = Release|Any CPU
		{BAFC2A43-6699-41AC-B800-BAF8E45769B3}.Release|Any CPU.Build.0 = Release|Any CPU
		{489D2793-99B6-49FC-806F-9419BBCD50BC}.Debug|Any CPU.ActiveCfg = Debug|Any CPU
		{489D2793-99B6-49FC-806F-9419BBCD50BC}.Debug|Any CPU.Build.0 = Debug|Any CPU
		{489D2793-99B6-49FC-806F-9419BBCD50BC}.Release|Any CPU.ActiveCfg = Release|Any CPU
		{489D2793-99B6-49FC-806F-9419BBCD50BC}.Release|Any CPU.Build.0 = Release|Any CPU
		{8EBEDEEF-63EB-4C3D-B7F6-D9566BCA4EBB}.Debug|Any CPU.ActiveCfg = Debug|Any CPU
		{8EBEDEEF-63EB-4C3D-B7F6-D9566BCA4EBB}.Debug|Any CPU.Build.0 = Debug|Any CPU
		{8EBEDEEF-63EB-4C3D-B7F6-D9566BCA4EBB}.Release|Any CPU.ActiveCfg = Release|Any CPU
		{8EBEDEEF-63EB-4C3D-B7F6-D9566BCA4EBB}.Release|Any CPU.Build.0 = Release|Any CPU
		{9F137ED3-4480-46D1-9682-0F1747E7DEB6}.Debug|Any CPU.ActiveCfg = Debug|Any CPU
		{9F137ED3-4480-46D1-9682-0F1747E7DEB6}.Debug|Any CPU.Build.0 = Debug|Any CPU
		{9F137ED3-4480-46D1-9682-0F1747E7DEB6}.Release|Any CPU.ActiveCfg = Release|Any CPU
		{9F137ED3-4480-46D1-9682-0F1747E7DEB6}.Release|Any CPU.Build.0 = Release|Any CPU
		{6804C4EF-0815-4C16-8E97-39F50E21EBD0}.Debug|Any CPU.ActiveCfg = Debug|Any CPU
		{6804C4EF-0815-4C16-8E97-39F50E21EBD0}.Debug|Any CPU.Build.0 = Debug|Any CPU
		{6804C4EF-0815-4C16-8E97-39F50E21EBD0}.Release|Any CPU.ActiveCfg = Release|Any CPU
		{6804C4EF-0815-4C16-8E97-39F50E21EBD0}.Release|Any CPU.Build.0 = Release|Any CPU
		{9367BD10-9041-4A38-A131-405501874F1A}.Debug|Any CPU.ActiveCfg = Debug|Any CPU
		{9367BD10-9041-4A38-A131-405501874F1A}.Debug|Any CPU.Build.0 = Debug|Any CPU
		{9367BD10-9041-4A38-A131-405501874F1A}.Release|Any CPU.ActiveCfg = Release|Any CPU
		{9367BD10-9041-4A38-A131-405501874F1A}.Release|Any CPU.Build.0 = Release|Any CPU
		{9C57EE20-F28A-44AD-BA2D-C0E26070E9AE}.Debug|Any CPU.ActiveCfg = Debug|Any CPU
		{9C57EE20-F28A-44AD-BA2D-C0E26070E9AE}.Debug|Any CPU.Build.0 = Debug|Any CPU
		{9C57EE20-F28A-44AD-BA2D-C0E26070E9AE}.Release|Any CPU.ActiveCfg = Release|Any CPU
		{9C57EE20-F28A-44AD-BA2D-C0E26070E9AE}.Release|Any CPU.Build.0 = Release|Any CPU
		{FEF5D649-3227-4D64-9AFE-93012A79B84D}.Debug|Any CPU.ActiveCfg = Debug|Any CPU
		{FEF5D649-3227-4D64-9AFE-93012A79B84D}.Debug|Any CPU.Build.0 = Debug|Any CPU
		{FEF5D649-3227-4D64-9AFE-93012A79B84D}.Release|Any CPU.ActiveCfg = Release|Any CPU
		{FEF5D649-3227-4D64-9AFE-93012A79B84D}.Release|Any CPU.Build.0 = Release|Any CPU
		{3CD3D0BB-5040-4931-94D8-1B4D01917C9C}.Debug|Any CPU.ActiveCfg = Debug|Any CPU
		{3CD3D0BB-5040-4931-94D8-1B4D01917C9C}.Debug|Any CPU.Build.0 = Debug|Any CPU
		{3CD3D0BB-5040-4931-94D8-1B4D01917C9C}.Release|Any CPU.ActiveCfg = Release|Any CPU
		{3CD3D0BB-5040-4931-94D8-1B4D01917C9C}.Release|Any CPU.Build.0 = Release|Any CPU
		{DDE8C6DF-247E-45BE-84D0-ED2D126A9E05}.Debug|Any CPU.ActiveCfg = Debug|Any CPU
		{DDE8C6DF-247E-45BE-84D0-ED2D126A9E05}.Debug|Any CPU.Build.0 = Debug|Any CPU
		{DDE8C6DF-247E-45BE-84D0-ED2D126A9E05}.Release|Any CPU.ActiveCfg = Release|Any CPU
		{DDE8C6DF-247E-45BE-84D0-ED2D126A9E05}.Release|Any CPU.Build.0 = Release|Any CPU
		{5E3FE9C3-843C-45D8-88F3-3B6E2E8CF2B6}.Debug|Any CPU.ActiveCfg = Debug|Any CPU
		{5E3FE9C3-843C-45D8-88F3-3B6E2E8CF2B6}.Debug|Any CPU.Build.0 = Debug|Any CPU
		{5E3FE9C3-843C-45D8-88F3-3B6E2E8CF2B6}.Release|Any CPU.ActiveCfg = Release|Any CPU
		{5E3FE9C3-843C-45D8-88F3-3B6E2E8CF2B6}.Release|Any CPU.Build.0 = Release|Any CPU
		{A992F3C4-DB36-4B7B-9C97-85170A2F24E1}.Debug|Any CPU.ActiveCfg = Debug|Any CPU
		{A992F3C4-DB36-4B7B-9C97-85170A2F24E1}.Debug|Any CPU.Build.0 = Debug|Any CPU
		{A992F3C4-DB36-4B7B-9C97-85170A2F24E1}.Release|Any CPU.ActiveCfg = Release|Any CPU
		{A992F3C4-DB36-4B7B-9C97-85170A2F24E1}.Release|Any CPU.Build.0 = Release|Any CPU
	EndGlobalSection
	GlobalSection(SolutionProperties) = preSolution
		HideSolutionNode = FALSE
	EndGlobalSection
	GlobalSection(NestedProjects) = preSolution
		{D0E3597A-3813-4052-A8A4-35160173E8EE} = {2588FD3E-AA18-4FE4-9F67-86B2EC128CAD}
		{BAFC2A43-6699-41AC-B800-BAF8E45769B3} = {ECB740FC-4F24-4410-8C81-FE3D4BA9C53D}
		{489D2793-99B6-49FC-806F-9419BBCD50BC} = {81F875ED-5C88-4EA8-91E1-10C332E9C932}
		{F79819BC-8D5E-406A-8DC8-A0F91F25ACA8} = {2CD32842-7F32-4E36-9621-14211E0CD9F1}
		{A2769E75-463D-497A-9D14-92985968B0DE} = {F79819BC-8D5E-406A-8DC8-A0F91F25ACA8}
		{BC3D6F28-2F03-452C-8B96-C8F6A5D75A25} = {F79819BC-8D5E-406A-8DC8-A0F91F25ACA8}
		{09CC66E5-F821-4D37-993A-7F9565905259} = {F79819BC-8D5E-406A-8DC8-A0F91F25ACA8}
		{B908278A-AA76-406A-98FF-B1AF0523DE73} = {F79819BC-8D5E-406A-8DC8-A0F91F25ACA8}
		{8EBEDEEF-63EB-4C3D-B7F6-D9566BCA4EBB} = {A2769E75-463D-497A-9D14-92985968B0DE}
		{9F137ED3-4480-46D1-9682-0F1747E7DEB6} = {BC3D6F28-2F03-452C-8B96-C8F6A5D75A25}
		{6804C4EF-0815-4C16-8E97-39F50E21EBD0} = {09CC66E5-F821-4D37-993A-7F9565905259}
		{9367BD10-9041-4A38-A131-405501874F1A} = {B908278A-AA76-406A-98FF-B1AF0523DE73}
		{8B08F407-0951-49AA-9CD7-C774AC9A1525} = {2CD32842-7F32-4E36-9621-14211E0CD9F1}
		{E9C4FA84-D0F0-4D91-94CD-48DB0EB6DC16} = {8B08F407-0951-49AA-9CD7-C774AC9A1525}
		{5B18B03F-F5CF-43A0-8A86-1FEF098B7038} = {8B08F407-0951-49AA-9CD7-C774AC9A1525}
		{C739A7DD-84B9-46F3-9F79-8A589B66AC5F} = {8B08F407-0951-49AA-9CD7-C774AC9A1525}
		{61B75E2D-B23D-470D-99DE-86C6897BA3F4} = {8B08F407-0951-49AA-9CD7-C774AC9A1525}
		{9C57EE20-F28A-44AD-BA2D-C0E26070E9AE} = {E9C4FA84-D0F0-4D91-94CD-48DB0EB6DC16}
		{FEF5D649-3227-4D64-9AFE-93012A79B84D} = {5B18B03F-F5CF-43A0-8A86-1FEF098B7038}
		{3CD3D0BB-5040-4931-94D8-1B4D01917C9C} = {C739A7DD-84B9-46F3-9F79-8A589B66AC5F}
		{DDE8C6DF-247E-45BE-84D0-ED2D126A9E05} = {61B75E2D-B23D-470D-99DE-86C6897BA3F4}
		{5E3FE9C3-843C-45D8-88F3-3B6E2E8CF2B6} = {50B725AD-63A3-4AC3-AB86-78A006C123C0}
	EndGlobalSection
	GlobalSection(ExtensibilityGlobals) = postSolution
		SolutionGuid = {BC25735B-D43F-4F16-823D-1F993FFC80FB}
	EndGlobalSection
EndGlobal
